
Microsoft Visual Studio Solution File, Format Version 12.00
# Visual Studio Version 17
VisualStudioVersion = 17.3.32819.101
MinimumVisualStudioVersion = 10.0.40219.1
Project("{FAE04EC0-301F-11D3-BF4B-00C04F79EFBC}") = "ConsoleApp4", "ConsoleApp4\ConsoleApp4.csproj", "{97DEAA13-3FDA-49D5-AD34-B93CF5E824E8}"
EndProject
Global
	GlobalSection(SolutionConfigurationPlatforms) = preSolution
		Debug|Any CPU = Debug|Any CPU
		Release|Any CPU = Release|Any CPU
	EndGlobalSection
	GlobalSection(ProjectConfigurationPlatforms) = postSolution
		{97DEAA13-3FDA-49D5-AD34-B93CF5E824E8}.Debug|Any CPU.ActiveCfg = Debug|Any CPU
		{97DEAA13-3FDA-49D5-AD34-B93CF5E824E8}.Debug|Any CPU.Build.0 = Debug|Any CPU
		{97DEAA13-3FDA-49D5-AD34-B93CF5E824E8}.Release|Any CPU.ActiveCfg = Release|Any CPU
		{97DEAA13-3FDA-49D5-AD34-B93CF5E824E8}.Release|Any CPU.Build.0 = Release|Any CPU
	EndGlobalSection
	GlobalSection(SolutionProperties) = preSolution
		HideSolutionNode = FALSE
	EndGlobalSection
	GlobalSection(ExtensibilityGlobals) = postSolution
		SolutionGuid = {B8210386-35AB-48D5-B2ED-41511F08D7EC}
	EndGlobalSection
EndGlobal
